%{
  "decimal": {:hex, :decimal, "2.1.1", "5611dca5d4b2c3dd497dec8f68751f1f1a54755e8ed2a966c2633cf885973ad6", [:mix], [], "hexpm", "53cfe5f497ed0e7771ae1a475575603d77425099ba5faef9394932b35020ffcc"},
  "geocalc": {:hex, :geocalc, "0.8.5", "b9886679e44c323e5b72dcd90a64f834d775d2600af0b656ea9f07ccdacaa5a6", [:mix], [{:decimal, "~> 2.0", [hex: :decimal, repo: "hexpm", optional: false]}], "hexpm", "3870c25c78513ec0456b69324c2be1af2202961002e81fb659559e3db162c802"},
}
